// !$*UTF8*$!
{
	archiveVersion = 1;
	classes = {
	};
	objectVersion = 77;
	objects = {

/* Begin PBXBuildFile section */
		ABF070512D527A9F006CE4D6 /* FirebaseAuth in Frameworks */ = {isa = PBXBuildFile; productRef = ABF070502D527A9F006CE4D6 /* FirebaseAuth */; };
		ABF070CC2D552C6F006CE4D6 /* ZUPZUP-1-Info.plist in Resources */ = {isa = PBXBuildFile; fileRef = ABF070CB2D552C6F006CE4D6 /* ZUPZUP-1-Info.plist */; };
/* End PBXBuildFile section */

/* Begin PBXContainerItemProxy section */
		C6EC13EB2D3D48DE0092302A /* PBXContainerItemProxy */ = {
			isa = PBXContainerItemProxy;
			containerPortal = C6EC13D22D3D48DC0092302A /* Project object */;
			proxyType = 1;
			remoteGlobalIDString = C6EC13D92D3D48DC0092302A;
			remoteInfo = ZUPZUP_1;
		};
		C6EC13F52D3D48DE0092302A /* PBXContainerItemProxy */ = {
			isa = PBXContainerItemProxy;
			containerPortal = C6EC13D22D3D48DC0092302A /* Project object */;
			proxyType = 1;
			remoteGlobalIDString = C6EC13D92D3D48DC0092302A;
			remoteInfo = ZUPZUP_1;
		};
/* End PBXContainerItemProxy section */

/* Begin PBXFileReference section */
		ABF070CB2D552C6F006CE4D6 /* ZUPZUP-1-Info.plist */ = {isa = PBXFileReference; lastKnownFileType = text.plist.xml; path = "ZUPZUP-1-Info.plist"; sourceTree = "<group>"; };
		C6EC13DA2D3D48DC0092302A /* ZUPZUP_1.app */ = {isa = PBXFileReference; explicitFileType = wrapper.application; includeInIndex = 0; path = ZUPZUP_1.app; sourceTree = BUILT_PRODUCTS_DIR; };
		C6EC13EA2D3D48DE0092302A /* ZUPZUP_1Tests.xctest */ = {isa = PBXFileReference; explicitFileType = wrapper.cfbundle; includeInIndex = 0; path = ZUPZUP_1Tests.xctest; sourceTree = BUILT_PRODUCTS_DIR; };
		C6EC13F42D3D48DE0092302A /* ZUPZUP_1UITests.xctest */ = {isa = PBXFileReference; explicitFileType = wrapper.cfbundle; includeInIndex = 0; path = ZUPZUP_1UITests.xctest; sourceTree = BUILT_PRODUCTS_DIR; };
/* End PBXFileReference section */

/* Begin PBXFileSystemSynchronizedRootGroup section */
		C6EC13DC2D3D48DC0092302A /* ZUPZUP_1 */ = {
			isa = PBXFileSystemSynchronizedRootGroup;
			path = ZUPZUP_1;
			sourceTree = "<group>";
		};
		C6EC13ED2D3D48DE0092302A /* ZUPZUP_1Tests */ = {
			isa = PBXFileSystemSynchronizedRootGroup;
			path = ZUPZUP_1Tests;
			sourceTree = "<group>";
		};
		C6EC13F72D3D48DE0092302A /* ZUPZUP_1UITests */ = {
			isa = PBXFileSystemSynchronizedRootGroup;
			path = ZUPZUP_1UITests;
			sourceTree = "<group>";
		};
/* End PBXFileSystemSynchronizedRootGroup section */

/* Begin PBXFrameworksBuildPhase section */
		C6EC13D72D3D48DC0092302A /* Frameworks */ = {
			isa = PBXFrameworksBuildPhase;
			buildActionMask = 2147483647;
			files = (
				ABF070512D527A9F006CE4D6 /* FirebaseAuth in Frameworks */,
			);
			runOnlyForDeploymentPostprocessing = 0;
		};
		C6EC13E72D3D48DE0092302A /* Frameworks */ = {
			isa = PBXFrameworksBuildPhase;
			buildActionMask = 2147483647;
			files = (
			);
			runOnlyForDeploymentPostprocessing = 0;
		};
		C6EC13F12D3D48DE0092302A /* Frameworks */ = {
			isa = PBXFrameworksBuildPhase;
			buildActionMask = 2147483647;
			files = (
			);
			runOnlyForDeploymentPostprocessing = 0;
		};
/* End PBXFrameworksBuildPhase section */

/* Begin PBXGroup section */
		C6EC13D12D3D48DC0092302A = {
			isa = PBXGroup;
			children = (
				ABF070CB2D552C6F006CE4D6 /* ZUPZUP-1-Info.plist */,
				C6EC13DC2D3D48DC0092302A /* ZUPZUP_1 */,
				C6EC13ED2D3D48DE0092302A /* ZUPZUP_1Tests */,
				C6EC13F72D3D48DE0092302A /* ZUPZUP_1UITests */,
				C6EC13DB2D3D48DC0092302A /* Products */,
			);
			sourceTree = "<group>";
		};
		C6EC13DB2D3D48DC0092302A /* Products */ = {
			isa = PBXGroup;
			children = (
				C6EC13DA2D3D48DC0092302A /* ZUPZUP_1.app */,
				C6EC13EA2D3D48DE0092302A /* ZUPZUP_1Tests.xctest */,
				C6EC13F42D3D48DE0092302A /* ZUPZUP_1UITests.xctest */,
			);
			name = Products;
			sourceTree = "<group>";
		};
/* End PBXGroup section */

/* Begin PBXNativeTarget section */
		C6EC13D92D3D48DC0092302A /* ZUPZUP_1 */ = {
			isa = PBXNativeTarget;
			buildConfigurationList = C6EC13FE2D3D48DE0092302A /* Build configuration list for PBXNativeTarget "ZUPZUP_1" */;
			buildPhases = (
				C6EC13D62D3D48DC0092302A /* Sources */,
				C6EC13D72D3D48DC0092302A /* Frameworks */,
				C6EC13D82D3D48DC0092302A /* Resources */,
			);
			buildRules = (
			);
			dependencies = (
			);
			fileSystemSynchronizedGroups = (
				C6EC13DC2D3D48DC0092302A /* ZUPZUP_1 */,
			);
			name = ZUPZUP_1;
			packageProductDependencies = (
				ABF070502D527A9F006CE4D6 /* FirebaseAuth */,
			);
			productName = ZUPZUP_1;
			productReference = C6EC13DA2D3D48DC0092302A /* ZUPZUP_1.app */;
			productType = "com.apple.product-type.application";
		};
		C6EC13E92D3D48DE0092302A /* ZUPZUP_1Tests */ = {
			isa = PBXNativeTarget;
			buildConfigurationList = C6EC14012D3D48DE0092302A /* Build configuration list for PBXNativeTarget "ZUPZUP_1Tests" */;
			buildPhases = (
				C6EC13E62D3D48DE0092302A /* Sources */,
				C6EC13E72D3D48DE0092302A /* Frameworks */,
				C6EC13E82D3D48DE0092302A /* Resources */,
			);
			buildRules = (
			);
			dependencies = (
				C6EC13EC2D3D48DE0092302A /* PBXTargetDependency */,
			);
			fileSystemSynchronizedGroups = (
				C6EC13ED2D3D48DE0092302A /* ZUPZUP_1Tests */,
			);
			name = ZUPZUP_1Tests;
			packageProductDependencies = (
			);
			productName = ZUPZUP_1Tests;
			productReference = C6EC13EA2D3D48DE0092302A /* ZUPZUP_1Tests.xctest */;
			productType = "com.apple.product-type.bundle.unit-test";
		};
		C6EC13F32D3D48DE0092302A /* ZUPZUP_1UITests */ = {
			isa = PBXNativeTarget;
			buildConfigurationList = C6EC14042D3D48DE0092302A /* Build configuration list for PBXNativeTarget "ZUPZUP_1UITests" */;
			buildPhases = (
				C6EC13F02D3D48DE0092302A /* Sources */,
				C6EC13F12D3D48DE0092302A /* Frameworks */,
				C6EC13F22D3D48DE0092302A /* Resources */,
			);
			buildRules = (
			);
			dependencies = (
				C6EC13F62D3D48DE0092302A /* PBXTargetDependency */,
			);
			fileSystemSynchronizedGroups = (
				C6EC13F72D3D48DE0092302A /* ZUPZUP_1UITests */,
			);
			name = ZUPZUP_1UITests;
			packageProductDependencies = (
			);
			productName = ZUPZUP_1UITests;
			productReference = C6EC13F42D3D48DE0092302A /* ZUPZUP_1UITests.xctest */;
			productType = "com.apple.product-type.bundle.ui-testing";
		};
/* End PBXNativeTarget section */

/* Begin PBXProject section */
		C6EC13D22D3D48DC0092302A /* Project object */ = {
			isa = PBXProject;
			attributes = {
				BuildIndependentTargetsInParallel = 1;
				LastSwiftUpdateCheck = 1620;
				LastUpgradeCheck = 1620;
				TargetAttributes = {
					C6EC13D92D3D48DC0092302A = {
						CreatedOnToolsVersion = 16.2;
					};
					C6EC13E92D3D48DE0092302A = {
						CreatedOnToolsVersion = 16.2;
						TestTargetID = C6EC13D92D3D48DC0092302A;
					};
					C6EC13F32D3D48DE0092302A = {
						CreatedOnToolsVersion = 16.2;
						TestTargetID = C6EC13D92D3D48DC0092302A;
					};
				};
			};
			buildConfigurationList = C6EC13D52D3D48DC0092302A /* Build configuration list for PBXProject "ZUPZUP_1" */;
			developmentRegion = en;
			hasScannedForEncodings = 0;
			knownRegions = (
				en,
				Base,
			);
			mainGroup = C6EC13D12D3D48DC0092302A;
			minimizedProjectReferenceProxies = 1;
			packageReferences = (
				ABF0704D2D527478006CE4D6 /* XCRemoteSwiftPackageReference "firebase-ios-sdk" */,
			);
			preferredProjectObjectVersion = 77;
			productRefGroup = C6EC13DB2D3D48DC0092302A /* Products */;
			projectDirPath = "";
			projectRoot = "";
			targets = (
				C6EC13D92D3D48DC0092302A /* ZUPZUP_1 */,
				C6EC13E92D3D48DE0092302A /* ZUPZUP_1Tests */,
				C6EC13F32D3D48DE0092302A /* ZUPZUP_1UITests */,
			);
		};
/* End PBXProject section */

/* Begin PBXResourcesBuildPhase section */
		C6EC13D82D3D48DC0092302A /* Resources */ = {
			isa = PBXResourcesBuildPhase;
			buildActionMask = 2147483647;
			files = (
				ABF070CC2D552C6F006CE4D6 /* ZUPZUP-1-Info.plist in Resources */,
			);
			runOnlyForDeploymentPostprocessing = 0;
		};
		C6EC13E82D3D48DE0092302A /* Resources */ = {
			isa = PBXResourcesBuildPhase;
			buildActionMask = 2147483647;
			files = (
			);
			runOnlyForDeploymentPostprocessing = 0;
		};
		C6EC13F22D3D48DE0092302A /* Resources */ = {
			isa = PBXResourcesBuildPhase;
			buildActionMask = 2147483647;
			files = (
			);
			runOnlyForDeploymentPostprocessing = 0;
		};
/* End PBXResourcesBuildPhase section */

/* Begin PBXSourcesBuildPhase section */
		C6EC13D62D3D48DC0092302A /* Sources */ = {
			isa = PBXSourcesBuildPhase;
			buildActionMask = 2147483647;
			files = (
			);
			runOnlyForDeploymentPostprocessing = 0;
		};
		C6EC13E62D3D48DE0092302A /* Sources */ = {
			isa = PBXSourcesBuildPhase;
			buildActionMask = 2147483647;
			files = (
			);
			runOnlyForDeploymentPostprocessing = 0;
		};
		C6EC13F02D3D48DE0092302A /* Sources */ = {
			isa = PBXSourcesBuildPhase;
			buildActionMask = 2147483647;
			files = (
			);
			runOnlyForDeploymentPostprocessing = 0;
		};
/* End PBXSourcesBuildPhase section */

/* Begin PBXTargetDependency section */
		C6EC13EC2D3D48DE0092302A /* PBXTargetDependency */ = {
			isa = PBXTargetDependency;
			target = C6EC13D92D3D48DC0092302A /* ZUPZUP_1 */;
			targetProxy = C6EC13EB2D3D48DE0092302A /* PBXContainerItemProxy */;
		};
		C6EC13F62D3D48DE0092302A /* PBXTargetDependency */ = {
			isa = PBXTargetDependency;
			target = C6EC13D92D3D48DC0092302A /* ZUPZUP_1 */;
			targetProxy = C6EC13F52D3D48DE0092302A /* PBXContainerItemProxy */;
		};
/* End PBXTargetDependency section */

/* Begin XCBuildConfiguration section */
		C6EC13FC2D3D48DE0092302A /* Debug */ = {
			isa = XCBuildConfiguration;
			buildSettings = {
				ALWAYS_SEARCH_USER_PATHS = NO;
				ASSETCATALOG_COMPILER_GENERATE_SWIFT_ASSET_SYMBOL_EXTENSIONS = YES;
				CLANG_ANALYZER_NONNULL = YES;
				CLANG_ANALYZER_NUMBER_OBJECT_CONVERSION = YES_AGGRESSIVE;
				CLANG_CXX_LANGUAGE_STANDARD = "gnu++20";
				CLANG_ENABLE_MODULES = YES;
				CLANG_ENABLE_OBJC_ARC = YES;
				CLANG_ENABLE_OBJC_WEAK = YES;
				CLANG_WARN_BLOCK_CAPTURE_AUTORELEASING = YES;
				CLANG_WARN_BOOL_CONVERSION = YES;
				CLANG_WARN_COMMA = YES;
				CLANG_WARN_CONSTANT_CONVERSION = YES;
				CLANG_WARN_DEPRECATED_OBJC_IMPLEMENTATIONS = YES;
				CLANG_WARN_DIRECT_OBJC_ISA_USAGE = YES_ERROR;
				CLANG_WARN_DOCUMENTATION_COMMENTS = YES;
				CLANG_WARN_EMPTY_BODY = YES;
				CLANG_WARN_ENUM_CONVERSION = YES;
				CLANG_WARN_INFINITE_RECURSION = YES;
				CLANG_WARN_INT_CONVERSION = YES;
				CLANG_WARN_NON_LITERAL_NULL_CONVERSION = YES;
				CLANG_WARN_OBJC_IMPLICIT_RETAIN_SELF = YES;
				CLANG_WARN_OBJC_LITERAL_CONVERSION = YES;
				CLANG_WARN_OBJC_ROOT_CLASS = YES_ERROR;
				CLANG_WARN_QUOTED_INCLUDE_IN_FRAMEWORK_HEADER = YES;
				CLANG_WARN_RANGE_LOOP_ANALYSIS = YES;
				CLANG_WARN_STRICT_PROTOTYPES = YES;
				CLANG_WARN_SUSPICIOUS_MOVE = YES;
				CLANG_WARN_UNGUARDED_AVAILABILITY = YES_AGGRESSIVE;
				CLANG_WARN_UNREACHABLE_CODE = YES;
				CLANG_WARN__DUPLICATE_METHOD_MATCH = YES;
				COPY_PHASE_STRIP = NO;
				DEBUG_INFORMATION_FORMAT = dwarf;
				ENABLE_STRICT_OBJC_MSGSEND = YES;
				ENABLE_TESTABILITY = YES;
				ENABLE_USER_SCRIPT_SANDBOXING = YES;
				GCC_C_LANGUAGE_STANDARD = gnu17;
				GCC_DYNAMIC_NO_PIC = NO;
				GCC_NO_COMMON_BLOCKS = YES;
				GCC_OPTIMIZATION_LEVEL = 0;
				GCC_PREPROCESSOR_DEFINITIONS = (
					"DEBUG=1",
					"$(inherited)",
				);
				GCC_WARN_64_TO_32_BIT_CONVERSION = YES;
				GCC_WARN_ABOUT_RETURN_TYPE = YES_ERROR;
				GCC_WARN_UNDECLARED_SELECTOR = YES;
				GCC_WARN_UNINITIALIZED_AUTOS = YES_AGGRESSIVE;
				GCC_WARN_UNUSED_FUNCTION = YES;
				GCC_WARN_UNUSED_VARIABLE = YES;
				IPHONEOS_DEPLOYMENT_TARGET = 18.2;
				LOCALIZATION_PREFERS_STRING_CATALOGS = YES;
				MTL_ENABLE_DEBUG_INFO = INCLUDE_SOURCE;
				MTL_FAST_MATH = YES;
				ONLY_ACTIVE_ARCH = YES;
				SDKROOT = iphoneos;
				SWIFT_ACTIVE_COMPILATION_CONDITIONS = "DEBUG $(inherited)";
				SWIFT_OPTIMIZATION_LEVEL = "-Onone";
			};
			name = Debug;
		};
		C6EC13FD2D3D48DE0092302A /* Release */ = {
			isa = XCBuildConfiguration;
			buildSettings = {
				ALWAYS_SEARCH_USER_PATHS = NO;
				ASSETCATALOG_COMPILER_GENERATE_SWIFT_ASSET_SYMBOL_EXTENSIONS = YES;
				CLANG_ANALYZER_NONNULL = YES;
				CLANG_ANALYZER_NUMBER_OBJECT_CONVERSION = YES_AGGRESSIVE;
				CLANG_CXX_LANGUAGE_STANDARD = "gnu++20";
				CLANG_ENABLE_MODULES = YES;
				CLANG_ENABLE_OBJC_ARC = YES;
				CLANG_ENABLE_OBJC_WEAK = YES;
				CLANG_WARN_BLOCK_CAPTURE_AUTORELEASING = YES;
				CLANG_WARN_BOOL_CONVERSION = YES;
				CLANG_WARN_COMMA = YES;
				CLANG_WARN_CONSTANT_CONVERSION = YES;
				CLANG_WARN_DEPRECATED_OBJC_IMPLEMENTATIONS = YES;
				CLANG_WARN_DIRECT_OBJC_ISA_USAGE = YES_ERROR;
				CLANG_WARN_DOCUMENTATION_COMMENTS = YES;
				CLANG_WARN_EMPTY_BODY = YES;
				CLANG_WARN_ENUM_CONVERSION = YES;
				CLANG_WARN_INFINITE_RECURSION = YES;
				CLANG_WARN_INT_CONVERSION = YES;
				CLANG_WARN_NON_LITERAL_NULL_CONVERSION = YES;
				CLANG_WARN_OBJC_IMPLICIT_RETAIN_SELF = YES;
				CLANG_WARN_OBJC_LITERAL_CONVERSION = YES;
				CLANG_WARN_OBJC_ROOT_CLASS = YES_ERROR;
				CLANG_WARN_QUOTED_INCLUDE_IN_FRAMEWORK_HEADER = YES;
				CLANG_WARN_RANGE_LOOP_ANALYSIS = YES;
				CLANG_WARN_STRICT_PROTOTYPES = YES;
				CLANG_WARN_SUSPICIOUS_MOVE = YES;
				CLANG_WARN_UNGUARDED_AVAILABILITY = YES_AGGRESSIVE;
				CLANG_WARN_UNREACHABLE_CODE = YES;
				CLANG_WARN__DUPLICATE_METHOD_MATCH = YES;
				COPY_PHASE_STRIP = NO;
				DEBUG_INFORMATION_FORMAT = "dwarf-with-dsym";
				ENABLE_NS_ASSERTIONS = NO;
				ENABLE_STRICT_OBJC_MSGSEND = YES;
				ENABLE_USER_SCRIPT_SANDBOXING = YES;
				GCC_C_LANGUAGE_STANDARD = gnu17;
				GCC_NO_COMMON_BLOCKS = YES;
				GCC_WARN_64_TO_32_BIT_CONVERSION = YES;
				GCC_WARN_ABOUT_RETURN_TYPE = YES_ERROR;
				GCC_WARN_UNDECLARED_SELECTOR = YES;
				GCC_WARN_UNINITIALIZED_AUTOS = YES_AGGRESSIVE;
				GCC_WARN_UNUSED_FUNCTION = YES;
				GCC_WARN_UNUSED_VARIABLE = YES;
				IPHONEOS_DEPLOYMENT_TARGET = 18.2;
				LOCALIZATION_PREFERS_STRING_CATALOGS = YES;
				MTL_ENABLE_DEBUG_INFO = NO;
				MTL_FAST_MATH = YES;
				SDKROOT = iphoneos;
				SWIFT_COMPILATION_MODE = wholemodule;
				VALIDATE_PRODUCT = YES;
			};
			name = Release;
		};
		C6EC13FF2D3D48DE0092302A /* Debug */ = {
			isa = XCBuildConfiguration;
			buildSettings = {
				ASSETCATALOG_COMPILER_APPICON_NAME = AppIcon;
				ASSETCATALOG_COMPILER_GLOBAL_ACCENT_COLOR_NAME = AccentColor;
				CODE_SIGN_ENTITLEMENTS = ZUPZUP_1/ZUPZUP_1.entitlements;
				CODE_SIGN_STYLE = Automatic;
				CURRENT_PROJECT_VERSION = 1;
				DEVELOPMENT_ASSET_PATHS = "\"ZUPZUP_1/Preview Content\"";
				DEVELOPMENT_TEAM = FB5M8437T9;
				ENABLE_PREVIEWS = YES;
				GENERATE_INFOPLIST_FILE = YES;
				INFOPLIST_FILE = "ZUPZUP-1-Info.plist";
				INFOPLIST_KEY_UIApplicationSceneManifest_Generation = YES;
				INFOPLIST_KEY_UIApplicationSupportsIndirectInputEvents = YES;
				INFOPLIST_KEY_UISupportedInterfaceOrientations_iPad = "UIInterfaceOrientationPortrait UIInterfaceOrientationPortraitUpsideDown UIInterfaceOrientationLandscapeLeft UIInterfaceOrientationLandscapeRight";
				INFOPLIST_KEY_UISupportedInterfaceOrientations_iPhone = "UIInterfaceOrientationPortrait UIInterfaceOrientationLandscapeLeft UIInterfaceOrientationLandscapeRight";
				INFOPLIST_KEY_UIUserInterfaceStyle = Light;
				LD_RUNPATH_SEARCH_PATHS = (
					"$(inherited)",
					"@executable_path/Frameworks",
				);
				MARKETING_VERSION = 1.0;
				PRODUCT_BUNDLE_IDENTIFIER = "com.ksw.ZUPZUP-1";
				PRODUCT_NAME = "$(TARGET_NAME)";
				SWIFT_EMIT_LOC_STRINGS = YES;
				SWIFT_VERSION = 5.0;
				TARGETED_DEVICE_FAMILY = "1,2";
			};
			name = Debug;
		};
		C6EC14002D3D48DE0092302A /* Release */ = {
			isa = XCBuildConfiguration;
			buildSettings = {
				ASSETCATALOG_COMPILER_APPICON_NAME = AppIcon;
				ASSETCATALOG_COMPILER_GLOBAL_ACCENT_COLOR_NAME = AccentColor;
				CODE_SIGN_ENTITLEMENTS = ZUPZUP_1/ZUPZUP_1.entitlements;
				CODE_SIGN_STYLE = Automatic;
				CURRENT_PROJECT_VERSION = 1;
				DEVELOPMENT_ASSET_PATHS = "\"ZUPZUP_1/Preview Content\"";
				DEVELOPMENT_TEAM = FB5M8437T9;
				ENABLE_PREVIEWS = YES;
				GENERATE_INFOPLIST_FILE = YES;
				INFOPLIST_FILE = "ZUPZUP-1-Info.plist";
				INFOPLIST_KEY_UIApplicationSceneManifest_Generation = YES;
				INFOPLIST_KEY_UIApplicationSupportsIndirectInputEvents = YES;
				INFOPLIST_KEY_UISupportedInterfaceOrientations_iPad = "UIInterfaceOrientationPortrait UIInterfaceOrientationPortraitUpsideDown UIInterfaceOrientationLandscapeLeft UIInterfaceOrientationLandscapeRight";
				INFOPLIST_KEY_UISupportedInterfaceOrientations_iPhone = "UIInterfaceOrientationPortrait UIInterfaceOrientationLandscapeLeft UIInterfaceOrientationLandscapeRight";
				INFOPLIST_KEY_UIUserInterfaceStyle = Light;
				LD_RUNPATH_SEARCH_PATHS = (
					"$(inherited)",
					"@executable_path/Frameworks",
				);
				MARKETING_VERSION = 1.0;
				PRODUCT_BUNDLE_IDENTIFIER = "com.ksw.ZUPZUP-1";
				PRODUCT_NAME = "$(TARGET_NAME)";
				SWIFT_EMIT_LOC_STRINGS = YES;
				SWIFT_VERSION = 5.0;
				TARGETED_DEVICE_FAMILY = "1,2";
			};
			name = Release;
		};
		C6EC14022D3D48DE0092302A /* Debug */ = {
			isa = XCBuildConfiguration;
			buildSettings = {
				BUNDLE_LOADER = "$(TEST_HOST)";
				CODE_SIGN_STYLE = Automatic;
				CURRENT_PROJECT_VERSION = 1;
				GENERATE_INFOPLIST_FILE = YES;
				IPHONEOS_DEPLOYMENT_TARGET = 18.2;
				MARKETING_VERSION = 1.0;
				PRODUCT_BUNDLE_IDENTIFIER = "com.ksw.ZUPZUP-1Tests";
				PRODUCT_NAME = "$(TARGET_NAME)";
				SWIFT_EMIT_LOC_STRINGS = NO;
				SWIFT_VERSION = 5.0;
				TARGETED_DEVICE_FAMILY = "1,2";
				TEST_HOST = "$(BUILT_PRODUCTS_DIR)/ZUPZUP_1.app/$(BUNDLE_EXECUTABLE_FOLDER_PATH)/ZUPZUP_1";
			};
			name = Debug;
		};
		C6EC14032D3D48DE0092302A /* Release */ = {
			isa = XCBuildConfiguration;
			buildSettings = {
				BUNDLE_LOADER = "$(TEST_HOST)";
				CODE_SIGN_STYLE = Automatic;
				CURRENT_PROJECT_VERSION = 1;
				GENERATE_INFOPLIST_FILE = YES;
				IPHONEOS_DEPLOYMENT_TARGET = 18.2;
				MARKETING_VERSION = 1.0;
				PRODUCT_BUNDLE_IDENTIFIER = "com.ksw.ZUPZUP-1Tests";
				PRODUCT_NAME = "$(TARGET_NAME)";
				SWIFT_EMIT_LOC_STRINGS = NO;
				SWIFT_VERSION = 5.0;
				TARGETED_DEVICE_FAMILY = "1,2";
				TEST_HOST = "$(BUILT_PRODUCTS_DIR)/ZUPZUP_1.app/$(BUNDLE_EXECUTABLE_FOLDER_PATH)/ZUPZUP_1";
			};
			name = Release;
		};
		C6EC14052D3D48DE0092302A /* Debug */ = {
			isa = XCBuildConfiguration;
			buildSettings = {
				CODE_SIGN_STYLE = Automatic;
				CURRENT_PROJECT_VERSION = 1;
				GENERATE_INFOPLIST_FILE = YES;
				MARKETING_VERSION = 1.0;
				PRODUCT_BUNDLE_IDENTIFIER = "com.ksw.ZUPZUP-1UITests";
				PRODUCT_NAME = "$(TARGET_NAME)";
				SWIFT_EMIT_LOC_STRINGS = NO;
				SWIFT_VERSION = 5.0;
				TARGETED_DEVICE_FAMILY = "1,2";
				TEST_TARGET_NAME = ZUPZUP_1;
			};
			name = Debug;
		};
		C6EC14062D3D48DE0092302A /* Release */ = {
			isa = XCBuildConfiguration;
			buildSettings = {
				CODE_SIGN_STYLE = Automatic;
				CURRENT_PROJECT_VERSION = 1;
				GENERATE_INFOPLIST_FILE = YES;
				MARKETING_VERSION = 1.0;
				PRODUCT_BUNDLE_IDENTIFIER = "com.ksw.ZUPZUP-1UITests";
				PRODUCT_NAME = "$(TARGET_NAME)";
				SWIFT_EMIT_LOC_STRINGS = NO;
				SWIFT_VERSION = 5.0;
				TARGETED_DEVICE_FAMILY = "1,2";
				TEST_TARGET_NAME = ZUPZUP_1;
			};
			name = Release;
		};
/* End XCBuildConfiguration section */

/* Begin XCConfigurationList section */
		C6EC13D52D3D48DC0092302A /* Build configuration list for PBXProject "ZUPZUP_1" */ = {
			isa = XCConfigurationList;
			buildConfigurations = (
				C6EC13FC2D3D48DE0092302A /* Debug */,
				C6EC13FD2D3D48DE0092302A /* Release */,
			);
			defaultConfigurationIsVisible = 0;
			defaultConfigurationName = Release;
		};
		C6EC13FE2D3D48DE0092302A /* Build configuration list for PBXNativeTarget "ZUPZUP_1" */ = {
			isa = XCConfigurationList;
			buildConfigurations = (
				C6EC13FF2D3D48DE0092302A /* Debug */,
				C6EC14002D3D48DE0092302A /* Release */,
			);
			defaultConfigurationIsVisible = 0;
			defaultConfigurationName = Release;
		};
		C6EC14012D3D48DE0092302A /* Build configuration list for PBXNativeTarget "ZUPZUP_1Tests" */ = {
			isa = XCConfigurationList;
			buildConfigurations = (
				C6EC14022D3D48DE0092302A /* Debug */,
				C6EC14032D3D48DE0092302A /* Release */,
			);
			defaultConfigurationIsVisible = 0;
			defaultConfigurationName = Release;
		};
		C6EC14042D3D48DE0092302A /* Build configuration list for PBXNativeTarget "ZUPZUP_1UITests" */ = {
			isa = XCConfigurationList;
			buildConfigurations = (
				C6EC14052D3D48DE0092302A /* Debug */,
				C6EC14062D3D48DE0092302A /* Release */,
			);
			defaultConfigurationIsVisible = 0;
			defaultConfigurationName = Release;
		};
/* End XCConfigurationList section */

/* Begin XCRemoteSwiftPackageReference section */
		ABF0704D2D527478006CE4D6 /* XCRemoteSwiftPackageReference "firebase-ios-sdk" */ = {
			isa = XCRemoteSwiftPackageReference;
			repositoryURL = "https://github.com/firebase/firebase-ios-sdk";
			requirement = {
				kind = upToNextMajorVersion;
				minimumVersion = 11.8.0;
			};
		};
/* End XCRemoteSwiftPackageReference section */

/* Begin XCSwiftPackageProductDependency section */
		ABF070502D527A9F006CE4D6 /* FirebaseAuth */ = {
			isa = XCSwiftPackageProductDependency;
			package = ABF0704D2D527478006CE4D6 /* XCRemoteSwiftPackageReference "firebase-ios-sdk" */;
			productName = FirebaseAuth;
		};
/* End XCSwiftPackageProductDependency section */
	};
	rootObject = C6EC13D22D3D48DC0092302A /* Project object */;
}
